{
  "name": "nutrition-label-jquery-plugin",
  "version": "11.0.13",
  "lockfileVersion": 2,
  "requires": true,
  "packages": {
    "": {
      "name": "nutrition-label-jquery-plugin",
      "version": "11.0.13",
      "license": "MIT",
      "dependencies": {
        "nutrition-label-jquery-plugin": "^11.0.13"
      },
      "devDependencies": {}
    },
    "node_modules/nutrition-label-jquery-plugin": {
      "version": "11.0.13",
      "resolved": "https://registry.npmjs.org/nutrition-label-jquery-plugin/-/nutrition-label-jquery-plugin-11.0.13.tgz",
      "integrity": "sha512-GIaGTBddg/Ox4+eimhRY83mjHdqbc7owMD5ol1PYqEbQ560YU8E6VFfWMJt8UeayeNv2WeTSovVJnFGcJOnwRw=="
    }
  },
  "dependencies": {
    "nutrition-label-jquery-plugin": {
      "version": "11.0.13",
      "resolved": "https://registry.npmjs.org/nutrition-label-jquery-plugin/-/nutrition-label-jquery-plugin-11.0.13.tgz",
      "integrity": "sha512-GIaGTBddg/Ox4+eimhRY83mjHdqbc7owMD5ol1PYqEbQ560YU8E6VFfWMJt8UeayeNv2WeTSovVJnFGcJOnwRw=="
    }
  }
}
