{
  "name": "nutrition-label-jquery-plugin",
  "version": "11.0.13",
  "lockfileVersion": 2,
  "requires": true,
  "packages": {
    "": {
      "name": "nutrition-label-jquery-plugin",
      "version": "11.0.13",
      "license": "MIT",
      "dependencies": {
        "dotenv": "^16.4.5",
        "nutrition-label-jquery-plugin": "^11.0.13"
      }
    },
    "node_modules/dotenv": {
      "version": "16.4.5",
      "resolved": "https://registry.npmjs.org/dotenv/-/dotenv-16.4.5.tgz",
      "integrity": "sha512-ZmdL2rui+eB2YwhsWzjInR8LldtZHGDoQ1ugH85ppHKwpUHL7j7rN0Ti9NCnGiQbhaZ11FpR+7ao1dNsmduNUg==",
      "engines": {
        "node": ">=12"
      },
      "funding": {
        "url": "https://dotenvx.com"
      }
    },
    "node_modules/nutrition-label-jquery-plugin": {
      "version": "11.0.13",
      "resolved": "https://registry.npmjs.org/nutrition-label-jquery-plugin/-/nutrition-label-jquery-plugin-11.0.13.tgz",
      "integrity": "sha512-GIaGTBddg/Ox4+eimhRY83mjHdqbc7owMD5ol1PYqEbQ560YU8E6VFfWMJt8UeayeNv2WeTSovVJnFGcJOnwRw=="
    }
  },
  "dependencies": {
    "dotenv": {
      "version": "16.4.5",
      "resolved": "https://registry.npmjs.org/dotenv/-/dotenv-16.4.5.tgz",
      "integrity": "sha512-ZmdL2rui+eB2YwhsWzjInR8LldtZHGDoQ1ugH85ppHKwpUHL7j7rN0Ti9NCnGiQbhaZ11FpR+7ao1dNsmduNUg=="
    },
    "nutrition-label-jquery-plugin": {
      "version": "11.0.13",
      "resolved": "https://registry.npmjs.org/nutrition-label-jquery-plugin/-/nutrition-label-jquery-plugin-11.0.13.tgz",
      "integrity": "sha512-GIaGTBddg/Ox4+eimhRY83mjHdqbc7owMD5ol1PYqEbQ560YU8E6VFfWMJt8UeayeNv2WeTSovVJnFGcJOnwRw=="
    }
  }
}
